
Microsoft Visual Studio Solution File, Format Version 12.00
Project("{2150E333-8FDC-42A3-9474-1A3956D46DE8}") = "Solution Items", "Solution Items", "{7223ECA6-545A-4691-BE64-F84850CBA13D}"
	ProjectSection(SolutionItems) = preProject
		global.json = global.json
		README.md = README.md
		src\docker-compose.yml = src\docker-compose.yml
		src\docker-compose.override.yml = src\docker-compose.override.yml
	EndProjectSection
EndProject
Project("{2150E333-8FDC-42A3-9474-1A3956D46DE8}") = "src", "src", "{387F9BC1-C1B0-4168-9728-FBEF44CDC768}"
EndProject
Project("{2150E333-8FDC-42A3-9474-1A3956D46DE8}") = "ApiGateways", "ApiGateways", "{94D7ED71-65B4-433E-9754-6E2D188A0D01}"
EndProject
Project("{2150E333-8FDC-42A3-9474-1A3956D46DE8}") = "BuildingBlocks", "BuildingBlocks", "{7CA1C44F-0290-4ED7-8028-E9D7C88A48C1}"
EndProject
Project("{2150E333-8FDC-42A3-9474-1A3956D46DE8}") = "Services", "Services", "{F027EA2B-E45E-4413-828C-289CFF4BC6A7}"
EndProject
Project("{FAE04EC0-301F-11D3-BF4B-00C04F79EFBC}") = "Common.Logging", "src\BuildingBlocks\Common.Logging\Common.Logging.csproj", "{C66A323F-5736-4D94-B382-D38B2270E4C3}"
EndProject
Project("{FAE04EC0-301F-11D3-BF4B-00C04F79EFBC}") = "EnventBus.Messages", "src\BuildingBlocks\EnventBus.Messages\EnventBus.Messages.csproj", "{746DB800-D284-4821-92B7-35CEBDED2802}"
EndProject
Project("{2150E333-8FDC-42A3-9474-1A3956D46DE8}") = "Product", "Product", "{1F1EEB53-358A-44E9-BDEE-C85E48266C05}"
EndProject
Project("{2150E333-8FDC-42A3-9474-1A3956D46DE8}") = "Customer", "Customer", "{0C7E6379-F7A2-4715-AB72-68E007341978}"
EndProject
Project("{2150E333-8FDC-42A3-9474-1A3956D46DE8}") = "Basket", "Basket", "{B6BF3913-2A1D-4E3A-B5CC-3FD23DDC877B}"
EndProject
Project("{2150E333-8FDC-42A3-9474-1A3956D46DE8}") = "Ordering", "Ordering", "{302CCFCA-4732-49BE-A5A8-2371D7896619}"
EndProject
Project("{2150E333-8FDC-42A3-9474-1A3956D46DE8}") = "Inventory", "Inventory", "{6488B215-9A17-41BF-A4B7-51EB5B32AD7A}"
EndProject
Project("{2150E333-8FDC-42A3-9474-1A3956D46DE8}") = "ScheduledJob", "ScheduledJob", "{6AD887D8-862B-4DDB-A03D-EA4B4C649F09}"
EndProject
Project("{2150E333-8FDC-42A3-9474-1A3956D46DE8}") = "WebApps", "WebApps", "{D8076F1A-DFF8-4754-BBB1-32E94B94DD05}"
EndProject
Project("{FAE04EC0-301F-11D3-BF4B-00C04F79EFBC}") = "WebHealthStatus", "src\WebApps\WebHealthStatus\WebHealthStatus.csproj", "{596D9554-2A01-4638-B6F9-5DDA4ACCA4F6}"
EndProject
Project("{FAE04EC0-301F-11D3-BF4B-00C04F79EFBC}") = "Basket.API", "src\Services\Basket.API\Basket.API.csproj", "{D9EE5CDD-DF1F-42AE-8633-9CC22B26C824}"
EndProject
Project("{FAE04EC0-301F-11D3-BF4B-00C04F79EFBC}") = "Customer.API", "src\Services\Customer.API\Customer.API.csproj", "{16B26D13-2B63-483D-AD7E-DC76B223E3B9}"
EndProject
Project("{FAE04EC0-301F-11D3-BF4B-00C04F79EFBC}") = "Inventory.Product.API", "src\Services\Inventory.Product.API\Inventory.Product.API.csproj", "{676BBF32-82BD-47ED-8742-A8393D2A56B6}"
EndProject
Project("{FAE04EC0-301F-11D3-BF4B-00C04F79EFBC}") = "Ordering.API", "src\Services\Ordering.API\Ordering.API.csproj", "{18E2E82A-C84C-43D2-BA7C-DDD8934A37A6}"
EndProject
Project("{FAE04EC0-301F-11D3-BF4B-00C04F79EFBC}") = "Product.API", "src\Services\Product.API\Product.API.csproj", "{91ABF509-AAB7-47AF-BFAE-986281F69BF8}"
EndProject
Project("{FAE04EC0-301F-11D3-BF4B-00C04F79EFBC}") = "Hangfire.API", "src\Services\Hangfire.API\Hangfire.API.csproj", "{19E80202-E05E-4853-B6C0-7BCED2C09230}"
EndProject
Project("{FAE04EC0-301F-11D3-BF4B-00C04F79EFBC}") = "Contracts", "src\BuildingBlocks\Contracts\Contracts.csproj", "{4BB63509-ACD7-4A67-BCFB-B38D9BDD117D}"
EndProject
Project("{FAE04EC0-301F-11D3-BF4B-00C04F79EFBC}") = "Infrastructure", "src\BuildingBlocks\Infrastructure\Infrastructure.csproj", "{1291BFB2-3D11-4573-96F1-9FA7EDACF029}"
EndProject
Project("{FAE04EC0-301F-11D3-BF4B-00C04F79EFBC}") = "Shared", "src\BuildingBlocks\Shared\Shared.csproj", "{F773D998-C417-415C-AD51-5B8C217DE43F}"
EndProject
Project("{FAE04EC0-301F-11D3-BF4B-00C04F79EFBC}") = "OcelotApiGw", "src\ApiGateways\OcelotApiGw\OcelotApiGw.csproj", "{9FA5689D-21C1-4DA9-9BD4-33F857402CDC}"
EndProject
Global
	GlobalSection(SolutionConfigurationPlatforms) = preSolution
		Debug|Any CPU = Debug|Any CPU
		Release|Any CPU = Release|Any CPU
	EndGlobalSection
	GlobalSection(NestedProjects) = preSolution
		{94D7ED71-65B4-433E-9754-6E2D188A0D01} = {387F9BC1-C1B0-4168-9728-FBEF44CDC768}
		{7CA1C44F-0290-4ED7-8028-E9D7C88A48C1} = {387F9BC1-C1B0-4168-9728-FBEF44CDC768}
		{F027EA2B-E45E-4413-828C-289CFF4BC6A7} = {387F9BC1-C1B0-4168-9728-FBEF44CDC768}
		{C66A323F-5736-4D94-B382-D38B2270E4C3} = {7CA1C44F-0290-4ED7-8028-E9D7C88A48C1}
		{746DB800-D284-4821-92B7-35CEBDED2802} = {7CA1C44F-0290-4ED7-8028-E9D7C88A48C1}
		{1F1EEB53-358A-44E9-BDEE-C85E48266C05} = {F027EA2B-E45E-4413-828C-289CFF4BC6A7}
		{0C7E6379-F7A2-4715-AB72-68E007341978} = {F027EA2B-E45E-4413-828C-289CFF4BC6A7}
		{B6BF3913-2A1D-4E3A-B5CC-3FD23DDC877B} = {F027EA2B-E45E-4413-828C-289CFF4BC6A7}
		{302CCFCA-4732-49BE-A5A8-2371D7896619} = {F027EA2B-E45E-4413-828C-289CFF4BC6A7}
		{6488B215-9A17-41BF-A4B7-51EB5B32AD7A} = {F027EA2B-E45E-4413-828C-289CFF4BC6A7}
		{6AD887D8-862B-4DDB-A03D-EA4B4C649F09} = {F027EA2B-E45E-4413-828C-289CFF4BC6A7}
		{D8076F1A-DFF8-4754-BBB1-32E94B94DD05} = {387F9BC1-C1B0-4168-9728-FBEF44CDC768}
		{596D9554-2A01-4638-B6F9-5DDA4ACCA4F6} = {D8076F1A-DFF8-4754-BBB1-32E94B94DD05}
		{D9EE5CDD-DF1F-42AE-8633-9CC22B26C824} = {B6BF3913-2A1D-4E3A-B5CC-3FD23DDC877B}
		{16B26D13-2B63-483D-AD7E-DC76B223E3B9} = {0C7E6379-F7A2-4715-AB72-68E007341978}
		{676BBF32-82BD-47ED-8742-A8393D2A56B6} = {6488B215-9A17-41BF-A4B7-51EB5B32AD7A}
		{18E2E82A-C84C-43D2-BA7C-DDD8934A37A6} = {302CCFCA-4732-49BE-A5A8-2371D7896619}
		{91ABF509-AAB7-47AF-BFAE-986281F69BF8} = {1F1EEB53-358A-44E9-BDEE-C85E48266C05}
		{19E80202-E05E-4853-B6C0-7BCED2C09230} = {6AD887D8-862B-4DDB-A03D-EA4B4C649F09}
		{4BB63509-ACD7-4A67-BCFB-B38D9BDD117D} = {7CA1C44F-0290-4ED7-8028-E9D7C88A48C1}
		{1291BFB2-3D11-4573-96F1-9FA7EDACF029} = {7CA1C44F-0290-4ED7-8028-E9D7C88A48C1}
		{F773D998-C417-415C-AD51-5B8C217DE43F} = {7CA1C44F-0290-4ED7-8028-E9D7C88A48C1}
		{9FA5689D-21C1-4DA9-9BD4-33F857402CDC} = {94D7ED71-65B4-433E-9754-6E2D188A0D01}
	EndGlobalSection
	GlobalSection(ProjectConfigurationPlatforms) = postSolution
		{C66A323F-5736-4D94-B382-D38B2270E4C3}.Debug|Any CPU.ActiveCfg = Debug|Any CPU
		{C66A323F-5736-4D94-B382-D38B2270E4C3}.Debug|Any CPU.Build.0 = Debug|Any CPU
		{C66A323F-5736-4D94-B382-D38B2270E4C3}.Release|Any CPU.ActiveCfg = Release|Any CPU
		{C66A323F-5736-4D94-B382-D38B2270E4C3}.Release|Any CPU.Build.0 = Release|Any CPU
		{746DB800-D284-4821-92B7-35CEBDED2802}.Debug|Any CPU.ActiveCfg = Debug|Any CPU
		{746DB800-D284-4821-92B7-35CEBDED2802}.Debug|Any CPU.Build.0 = Debug|Any CPU
		{746DB800-D284-4821-92B7-35CEBDED2802}.Release|Any CPU.ActiveCfg = Release|Any CPU
		{746DB800-D284-4821-92B7-35CEBDED2802}.Release|Any CPU.Build.0 = Release|Any CPU
		{596D9554-2A01-4638-B6F9-5DDA4ACCA4F6}.Debug|Any CPU.ActiveCfg = Debug|Any CPU
		{596D9554-2A01-4638-B6F9-5DDA4ACCA4F6}.Debug|Any CPU.Build.0 = Debug|Any CPU
		{596D9554-2A01-4638-B6F9-5DDA4ACCA4F6}.Release|Any CPU.ActiveCfg = Release|Any CPU
		{596D9554-2A01-4638-B6F9-5DDA4ACCA4F6}.Release|Any CPU.Build.0 = Release|Any CPU
		{D9EE5CDD-DF1F-42AE-8633-9CC22B26C824}.Debug|Any CPU.ActiveCfg = Debug|Any CPU
		{D9EE5CDD-DF1F-42AE-8633-9CC22B26C824}.Debug|Any CPU.Build.0 = Debug|Any CPU
		{D9EE5CDD-DF1F-42AE-8633-9CC22B26C824}.Release|Any CPU.ActiveCfg = Release|Any CPU
		{D9EE5CDD-DF1F-42AE-8633-9CC22B26C824}.Release|Any CPU.Build.0 = Release|Any CPU
		{16B26D13-2B63-483D-AD7E-DC76B223E3B9}.Debug|Any CPU.ActiveCfg = Debug|Any CPU
		{16B26D13-2B63-483D-AD7E-DC76B223E3B9}.Debug|Any CPU.Build.0 = Debug|Any CPU
		{16B26D13-2B63-483D-AD7E-DC76B223E3B9}.Release|Any CPU.ActiveCfg = Release|Any CPU
		{16B26D13-2B63-483D-AD7E-DC76B223E3B9}.Release|Any CPU.Build.0 = Release|Any CPU
		{676BBF32-82BD-47ED-8742-A8393D2A56B6}.Debug|Any CPU.ActiveCfg = Debug|Any CPU
		{676BBF32-82BD-47ED-8742-A8393D2A56B6}.Debug|Any CPU.Build.0 = Debug|Any CPU
		{676BBF32-82BD-47ED-8742-A8393D2A56B6}.Release|Any CPU.ActiveCfg = Release|Any CPU
		{676BBF32-82BD-47ED-8742-A8393D2A56B6}.Release|Any CPU.Build.0 = Release|Any CPU
		{18E2E82A-C84C-43D2-BA7C-DDD8934A37A6}.Debug|Any CPU.ActiveCfg = Debug|Any CPU
		{18E2E82A-C84C-43D2-BA7C-DDD8934A37A6}.Debug|Any CPU.Build.0 = Debug|Any CPU
		{18E2E82A-C84C-43D2-BA7C-DDD8934A37A6}.Release|Any CPU.ActiveCfg = Release|Any CPU
		{18E2E82A-C84C-43D2-BA7C-DDD8934A37A6}.Release|Any CPU.Build.0 = Release|Any CPU
		{91ABF509-AAB7-47AF-BFAE-986281F69BF8}.Debug|Any CPU.ActiveCfg = Debug|Any CPU
		{91ABF509-AAB7-47AF-BFAE-986281F69BF8}.Debug|Any CPU.Build.0 = Debug|Any CPU
		{91ABF509-AAB7-47AF-BFAE-986281F69BF8}.Release|Any CPU.ActiveCfg = Release|Any CPU
		{91ABF509-AAB7-47AF-BFAE-986281F69BF8}.Release|Any CPU.Build.0 = Release|Any CPU
		{19E80202-E05E-4853-B6C0-7BCED2C09230}.Debug|Any CPU.ActiveCfg = Debug|Any CPU
		{19E80202-E05E-4853-B6C0-7BCED2C09230}.Debug|Any CPU.Build.0 = Debug|Any CPU
		{19E80202-E05E-4853-B6C0-7BCED2C09230}.Release|Any CPU.ActiveCfg = Release|Any CPU
		{19E80202-E05E-4853-B6C0-7BCED2C09230}.Release|Any CPU.Build.0 = Release|Any CPU
		{4BB63509-ACD7-4A67-BCFB-B38D9BDD117D}.Debug|Any CPU.ActiveCfg = Debug|Any CPU
		{4BB63509-ACD7-4A67-BCFB-B38D9BDD117D}.Debug|Any CPU.Build.0 = Debug|Any CPU
		{4BB63509-ACD7-4A67-BCFB-B38D9BDD117D}.Release|Any CPU.ActiveCfg = Release|Any CPU
		{4BB63509-ACD7-4A67-BCFB-B38D9BDD117D}.Release|Any CPU.Build.0 = Release|Any CPU
		{1291BFB2-3D11-4573-96F1-9FA7EDACF029}.Debug|Any CPU.ActiveCfg = Debug|Any CPU
		{1291BFB2-3D11-4573-96F1-9FA7EDACF029}.Debug|Any CPU.Build.0 = Debug|Any CPU
		{1291BFB2-3D11-4573-96F1-9FA7EDACF029}.Release|Any CPU.ActiveCfg = Release|Any CPU
		{1291BFB2-3D11-4573-96F1-9FA7EDACF029}.Release|Any CPU.Build.0 = Release|Any CPU
		{F773D998-C417-415C-AD51-5B8C217DE43F}.Debug|Any CPU.ActiveCfg = Debug|Any CPU
		{F773D998-C417-415C-AD51-5B8C217DE43F}.Debug|Any CPU.Build.0 = Debug|Any CPU
		{F773D998-C417-415C-AD51-5B8C217DE43F}.Release|Any CPU.ActiveCfg = Release|Any CPU
		{F773D998-C417-415C-AD51-5B8C217DE43F}.Release|Any CPU.Build.0 = Release|Any CPU
		{9FA5689D-21C1-4DA9-9BD4-33F857402CDC}.Debug|Any CPU.ActiveCfg = Debug|Any CPU
		{9FA5689D-21C1-4DA9-9BD4-33F857402CDC}.Debug|Any CPU.Build.0 = Debug|Any CPU
		{9FA5689D-21C1-4DA9-9BD4-33F857402CDC}.Release|Any CPU.ActiveCfg = Release|Any CPU
		{9FA5689D-21C1-4DA9-9BD4-33F857402CDC}.Release|Any CPU.Build.0 = Release|Any CPU
	EndGlobalSection
EndGlobal
