
Microsoft Visual Studio Solution File, Format Version 12.00
# Visual Studio Version 16
VisualStudioVersion = 16.0.29020.237
MinimumVisualStudioVersion = 10.0.40219.1
Project("{9A19103F-16F7-4668-BE54-9A1E7A4F7556}") = "Metasol.Ecommerce.Domain", "src\Metasol.Ecommerce.Domain\Metasol.Ecommerce.Domain.csproj", "{554AD327-6DBA-4F8F-96F8-81CE7A0C863F}"
EndProject
Project("{9A19103F-16F7-4668-BE54-9A1E7A4F7556}") = "Metasol.Ecommerce.Application", "src\Metasol.Ecommerce.Application\Metasol.Ecommerce.Application.csproj", "{1A94A50E-06DC-43C1-80B5-B662820EC3EB}"
EndProject
Project("{9A19103F-16F7-4668-BE54-9A1E7A4F7556}") = "Metasol.Ecommerce.EntityFrameworkCore", "src\Metasol.Ecommerce.EntityFrameworkCore\Metasol.Ecommerce.EntityFrameworkCore.csproj", "{C956DD76-69C8-4A9C-83EA-D17DF83340FD}"
EndProject
Project("{2150E333-8FDC-42A3-9474-1A3956D46DE8}") = "src", "src", "{CA9AC87F-097E-4F15-8393-4BC07735A5B0}"
EndProject
Project("{2150E333-8FDC-42A3-9474-1A3956D46DE8}") = "test", "test", "{04DBDB01-70F4-4E06-B468-8F87850B22BE}"
EndProject
Project("{9A19103F-16F7-4668-BE54-9A1E7A4F7556}") = "Metasol.Ecommerce.Application.Tests", "test\Metasol.Ecommerce.Application.Tests\Metasol.Ecommerce.Application.Tests.csproj", "{50B2631D-129C-47B3-A587-029CCD6099BC}"
EndProject
Project("{9A19103F-16F7-4668-BE54-9A1E7A4F7556}") = "Metasol.Ecommerce.Domain.Shared", "src\Metasol.Ecommerce.Domain.Shared\Metasol.Ecommerce.Domain.Shared.csproj", "{42F719ED-8413-4895-B5B4-5AB56079BC66}"
EndProject
Project("{9A19103F-16F7-4668-BE54-9A1E7A4F7556}") = "Metasol.Ecommerce.Application.Contracts", "src\Metasol.Ecommerce.Application.Contracts\Metasol.Ecommerce.Application.Contracts.csproj", "{520659C8-C734-4298-A3DA-B539DB9DFC0B}"
EndProject
Project("{9A19103F-16F7-4668-BE54-9A1E7A4F7556}") = "Metasol.Ecommerce.HttpApi", "src\Metasol.Ecommerce.HttpApi\Metasol.Ecommerce.HttpApi.csproj", "{4164BDF7-F527-4E85-9CE6-E3C2D7426A27}"
EndProject
Project("{9A19103F-16F7-4668-BE54-9A1E7A4F7556}") = "Metasol.Ecommerce.HttpApi.Client", "src\Metasol.Ecommerce.HttpApi.Client\Metasol.Ecommerce.HttpApi.Client.csproj", "{3B5A0094-670D-4BB1-BFDD-61B88A8773DC}"
EndProject
Project("{9A19103F-16F7-4668-BE54-9A1E7A4F7556}") = "Metasol.Ecommerce.AuthServer", "src\Metasol.Ecommerce.AuthServer\Metasol.Ecommerce.AuthServer.csproj", "{073C361E-B8F4-49F5-93CC-72A3FF49C026}"
EndProject
Project("{9A19103F-16F7-4668-BE54-9A1E7A4F7556}") = "Metasol.Ecommerce.HttpApi.Host", "src\Metasol.Ecommerce.HttpApi.Host\Metasol.Ecommerce.HttpApi.Host.csproj", "{E6D5BF0E-DE92-4D82-A352-EF04B37CB11C}"
EndProject
Project("{9A19103F-16F7-4668-BE54-9A1E7A4F7556}") = "Metasol.Ecommerce.EntityFrameworkCore.Tests", "test\Metasol.Ecommerce.EntityFrameworkCore.Tests\Metasol.Ecommerce.EntityFrameworkCore.Tests.csproj", "{1FE30EB9-74A9-47F5-A9F6-7B1FAB672D81}"
EndProject
Project("{9A19103F-16F7-4668-BE54-9A1E7A4F7556}") = "Metasol.Ecommerce.TestBase", "test\Metasol.Ecommerce.TestBase\Metasol.Ecommerce.TestBase.csproj", "{91853F21-9CD9-4132-BC29-A7D5D84FFFE7}"
EndProject
Project("{9A19103F-16F7-4668-BE54-9A1E7A4F7556}") = "Metasol.Ecommerce.Domain.Tests", "test\Metasol.Ecommerce.Domain.Tests\Metasol.Ecommerce.Domain.Tests.csproj", "{E512F4D9-9375-480F-A2F6-A46509F9D824}"
EndProject
Project("{9A19103F-16F7-4668-BE54-9A1E7A4F7556}") = "Metasol.Ecommerce.HttpApi.Client.ConsoleTestApp", "test\Metasol.Ecommerce.HttpApi.Client.ConsoleTestApp\Metasol.Ecommerce.HttpApi.Client.ConsoleTestApp.csproj", "{EF480016-9127-4916-8735-D2466BDBC582}"
EndProject
Project("{9A19103F-16F7-4668-BE54-9A1E7A4F7556}") = "Metasol.Ecommerce.DbMigrator", "src\Metasol.Ecommerce.DbMigrator\Metasol.Ecommerce.DbMigrator.csproj", "{AA94D832-1CCC-4715-95A9-A483F23A1A5D}"
EndProject
Project("{2150E333-8FDC-42A3-9474-1A3956D46DE8}") = "common", "common", "{03ED5BF9-806B-404D-8207-43391EEAFC5E}"
EndProject
Project("{2150E333-8FDC-42A3-9474-1A3956D46DE8}") = "domain", "domain", "{91A3695F-F0FA-4F43-8774-ABA9B9C4ABD8}"
EndProject
Project("{2150E333-8FDC-42A3-9474-1A3956D46DE8}") = "infrastructure", "infrastructure", "{BA964A76-26F3-4EE0-AD7F-BF66DDE81BEE}"
EndProject
Project("{2150E333-8FDC-42A3-9474-1A3956D46DE8}") = "public", "public", "{792C708A-B034-4078-959C-078ACCDBB178}"
EndProject
Project("{2150E333-8FDC-42A3-9474-1A3956D46DE8}") = "admin", "admin", "{BCFEED6C-AF67-4BC8-A7BD-432954786C59}"
EndProject
Project("{2150E333-8FDC-42A3-9474-1A3956D46DE8}") = "auth", "auth", "{BC2BDA3B-8631-4AD5-98AD-9F2380C573D7}"
EndProject
Project("{FAE04EC0-301F-11D3-BF4B-00C04F79EFBC}") = "Metasol.Ecommerce.Admin.Application", "src\Metasol.Ecommerce.Admin.Application\Metasol.Ecommerce.Admin.Application.csproj", "{B8877FBB-2AFC-4195-B2BD-C8302927B63E}"
EndProject
Project("{FAE04EC0-301F-11D3-BF4B-00C04F79EFBC}") = "Metasol.Ecommerce.Admin.Application.Contracts", "src\Metasol.Ecommerce.Admin.Application.Contracts\Metasol.Ecommerce.Admin.Application.Contracts.csproj", "{D374CF1F-27DC-4489-A948-FC2B428EAA79}"
EndProject
Project("{FAE04EC0-301F-11D3-BF4B-00C04F79EFBC}") = "Metasol.Ecommerce.Admin.HttpApi", "src\Metasol.Ecommerce.Admin.HttpApi\Metasol.Ecommerce.Admin.HttpApi.csproj", "{9457B267-1082-4846-9208-617A283CC52E}"
EndProject
Project("{FAE04EC0-301F-11D3-BF4B-00C04F79EFBC}") = "Metasol.Ecommerce.Admin.HttpApi.Host", "src\Metasol.Ecommerce.Admin.HttpApi.Host\Metasol.Ecommerce.Admin.HttpApi.Host.csproj", "{DC9C66D5-F16C-4C73-B3A2-219A8BAE65A2}"
EndProject
Project("{FAE04EC0-301F-11D3-BF4B-00C04F79EFBC}") = "Metasol.Ecommerce.Admin.HttpApi.Client", "src\Metasol.Ecommerce.Admin.HttpApi.Client\Metasol.Ecommerce.Admin.HttpApi.Client.csproj", "{84549A5B-7068-4981-8582-EAC420D16171}"
EndProject
Project("{2150E333-8FDC-42A3-9474-1A3956D46DE8}") = "public", "public", "{05CA46AE-7695-40C9-B016-12B1D2390A7F}"
EndProject
Project("{2150E333-8FDC-42A3-9474-1A3956D46DE8}") = "admin", "admin", "{86CE17FC-D28B-4AE8-AA70-37B3B8CC939D}"
EndProject
Project("{FAE04EC0-301F-11D3-BF4B-00C04F79EFBC}") = "Metasol.Ecommerce.Admin.Application.Tests", "test\Metasol.Ecommerce.Admin.Application.Tests\Metasol.Ecommerce.Admin.Application.Tests.csproj", "{7956DE67-FBB4-4751-8988-91E2369DC55F}"
EndProject
Project("{FAE04EC0-301F-11D3-BF4B-00C04F79EFBC}") = "Metasol.Ecommerce.Admin.HttpApi.Client.ConsoleTestApp", "test\Metasol.Ecommerce.Admin.HttpApi.Client.ConsoleTestApp\Metasol.Ecommerce.Admin.HttpApi.Client.ConsoleTestApp.csproj", "{4DC665E5-ED78-4F17-800D-A810CAAE1F1E}"
EndProject
Project("{2150E333-8FDC-42A3-9474-1A3956D46DE8}") = "shared", "shared", "{3DC48E91-A916-4075-A91A-04F68291983F}"
EndProject
Global
	GlobalSection(SolutionConfigurationPlatforms) = preSolution
		Debug|Any CPU = Debug|Any CPU
		Release|Any CPU = Release|Any CPU
	EndGlobalSection
	GlobalSection(ProjectConfigurationPlatforms) = postSolution
		{554AD327-6DBA-4F8F-96F8-81CE7A0C863F}.Debug|Any CPU.ActiveCfg = Debug|Any CPU
		{554AD327-6DBA-4F8F-96F8-81CE7A0C863F}.Debug|Any CPU.Build.0 = Debug|Any CPU
		{554AD327-6DBA-4F8F-96F8-81CE7A0C863F}.Release|Any CPU.ActiveCfg = Release|Any CPU
		{554AD327-6DBA-4F8F-96F8-81CE7A0C863F}.Release|Any CPU.Build.0 = Release|Any CPU
		{1A94A50E-06DC-43C1-80B5-B662820EC3EB}.Debug|Any CPU.ActiveCfg = Debug|Any CPU
		{1A94A50E-06DC-43C1-80B5-B662820EC3EB}.Debug|Any CPU.Build.0 = Debug|Any CPU
		{1A94A50E-06DC-43C1-80B5-B662820EC3EB}.Release|Any CPU.ActiveCfg = Release|Any CPU
		{1A94A50E-06DC-43C1-80B5-B662820EC3EB}.Release|Any CPU.Build.0 = Release|Any CPU
		{C956DD76-69C8-4A9C-83EA-D17DF83340FD}.Debug|Any CPU.ActiveCfg = Debug|Any CPU
		{C956DD76-69C8-4A9C-83EA-D17DF83340FD}.Debug|Any CPU.Build.0 = Debug|Any CPU
		{C956DD76-69C8-4A9C-83EA-D17DF83340FD}.Release|Any CPU.ActiveCfg = Release|Any CPU
		{C956DD76-69C8-4A9C-83EA-D17DF83340FD}.Release|Any CPU.Build.0 = Release|Any CPU
		{50B2631D-129C-47B3-A587-029CCD6099BC}.Debug|Any CPU.ActiveCfg = Debug|Any CPU
		{50B2631D-129C-47B3-A587-029CCD6099BC}.Debug|Any CPU.Build.0 = Debug|Any CPU
		{50B2631D-129C-47B3-A587-029CCD6099BC}.Release|Any CPU.ActiveCfg = Release|Any CPU
		{50B2631D-129C-47B3-A587-029CCD6099BC}.Release|Any CPU.Build.0 = Release|Any CPU
		{42F719ED-8413-4895-B5B4-5AB56079BC66}.Debug|Any CPU.ActiveCfg = Debug|Any CPU
		{42F719ED-8413-4895-B5B4-5AB56079BC66}.Debug|Any CPU.Build.0 = Debug|Any CPU
		{42F719ED-8413-4895-B5B4-5AB56079BC66}.Release|Any CPU.ActiveCfg = Release|Any CPU
		{42F719ED-8413-4895-B5B4-5AB56079BC66}.Release|Any CPU.Build.0 = Release|Any CPU
		{520659C8-C734-4298-A3DA-B539DB9DFC0B}.Debug|Any CPU.ActiveCfg = Debug|Any CPU
		{520659C8-C734-4298-A3DA-B539DB9DFC0B}.Debug|Any CPU.Build.0 = Debug|Any CPU
		{520659C8-C734-4298-A3DA-B539DB9DFC0B}.Release|Any CPU.ActiveCfg = Release|Any CPU
		{520659C8-C734-4298-A3DA-B539DB9DFC0B}.Release|Any CPU.Build.0 = Release|Any CPU
		{4164BDF7-F527-4E85-9CE6-E3C2D7426A27}.Debug|Any CPU.ActiveCfg = Debug|Any CPU
		{4164BDF7-F527-4E85-9CE6-E3C2D7426A27}.Debug|Any CPU.Build.0 = Debug|Any CPU
		{4164BDF7-F527-4E85-9CE6-E3C2D7426A27}.Release|Any CPU.ActiveCfg = Release|Any CPU
		{4164BDF7-F527-4E85-9CE6-E3C2D7426A27}.Release|Any CPU.Build.0 = Release|Any CPU
		{3B5A0094-670D-4BB1-BFDD-61B88A8773DC}.Debug|Any CPU.ActiveCfg = Debug|Any CPU
		{3B5A0094-670D-4BB1-BFDD-61B88A8773DC}.Debug|Any CPU.Build.0 = Debug|Any CPU
		{3B5A0094-670D-4BB1-BFDD-61B88A8773DC}.Release|Any CPU.ActiveCfg = Release|Any CPU
		{3B5A0094-670D-4BB1-BFDD-61B88A8773DC}.Release|Any CPU.Build.0 = Release|Any CPU
		{073C361E-B8F4-49F5-93CC-72A3FF49C026}.Debug|Any CPU.ActiveCfg = Debug|Any CPU
		{073C361E-B8F4-49F5-93CC-72A3FF49C026}.Debug|Any CPU.Build.0 = Debug|Any CPU
		{073C361E-B8F4-49F5-93CC-72A3FF49C026}.Release|Any CPU.ActiveCfg = Release|Any CPU
		{073C361E-B8F4-49F5-93CC-72A3FF49C026}.Release|Any CPU.Build.0 = Release|Any CPU
		{E6D5BF0E-DE92-4D82-A352-EF04B37CB11C}.Debug|Any CPU.ActiveCfg = Debug|Any CPU
		{E6D5BF0E-DE92-4D82-A352-EF04B37CB11C}.Debug|Any CPU.Build.0 = Debug|Any CPU
		{E6D5BF0E-DE92-4D82-A352-EF04B37CB11C}.Release|Any CPU.ActiveCfg = Release|Any CPU
		{E6D5BF0E-DE92-4D82-A352-EF04B37CB11C}.Release|Any CPU.Build.0 = Release|Any CPU
		{1FE30EB9-74A9-47F5-A9F6-7B1FAB672D81}.Debug|Any CPU.ActiveCfg = Debug|Any CPU
		{1FE30EB9-74A9-47F5-A9F6-7B1FAB672D81}.Debug|Any CPU.Build.0 = Debug|Any CPU
		{1FE30EB9-74A9-47F5-A9F6-7B1FAB672D81}.Release|Any CPU.ActiveCfg = Release|Any CPU
		{1FE30EB9-74A9-47F5-A9F6-7B1FAB672D81}.Release|Any CPU.Build.0 = Release|Any CPU
		{91853F21-9CD9-4132-BC29-A7D5D84FFFE7}.Debug|Any CPU.ActiveCfg = Debug|Any CPU
		{91853F21-9CD9-4132-BC29-A7D5D84FFFE7}.Debug|Any CPU.Build.0 = Debug|Any CPU
		{91853F21-9CD9-4132-BC29-A7D5D84FFFE7}.Release|Any CPU.ActiveCfg = Release|Any CPU
		{91853F21-9CD9-4132-BC29-A7D5D84FFFE7}.Release|Any CPU.Build.0 = Release|Any CPU
		{E512F4D9-9375-480F-A2F6-A46509F9D824}.Debug|Any CPU.ActiveCfg = Debug|Any CPU
		{E512F4D9-9375-480F-A2F6-A46509F9D824}.Debug|Any CPU.Build.0 = Debug|Any CPU
		{E512F4D9-9375-480F-A2F6-A46509F9D824}.Release|Any CPU.ActiveCfg = Release|Any CPU
		{E512F4D9-9375-480F-A2F6-A46509F9D824}.Release|Any CPU.Build.0 = Release|Any CPU
		{EF480016-9127-4916-8735-D2466BDBC582}.Debug|Any CPU.ActiveCfg = Debug|Any CPU
		{EF480016-9127-4916-8735-D2466BDBC582}.Debug|Any CPU.Build.0 = Debug|Any CPU
		{EF480016-9127-4916-8735-D2466BDBC582}.Release|Any CPU.ActiveCfg = Release|Any CPU
		{EF480016-9127-4916-8735-D2466BDBC582}.Release|Any CPU.Build.0 = Release|Any CPU
		{AA94D832-1CCC-4715-95A9-A483F23A1A5D}.Debug|Any CPU.ActiveCfg = Debug|Any CPU
		{AA94D832-1CCC-4715-95A9-A483F23A1A5D}.Debug|Any CPU.Build.0 = Debug|Any CPU
		{AA94D832-1CCC-4715-95A9-A483F23A1A5D}.Release|Any CPU.ActiveCfg = Release|Any CPU
		{AA94D832-1CCC-4715-95A9-A483F23A1A5D}.Release|Any CPU.Build.0 = Release|Any CPU
		{B8877FBB-2AFC-4195-B2BD-C8302927B63E}.Debug|Any CPU.ActiveCfg = Debug|Any CPU
		{B8877FBB-2AFC-4195-B2BD-C8302927B63E}.Debug|Any CPU.Build.0 = Debug|Any CPU
		{B8877FBB-2AFC-4195-B2BD-C8302927B63E}.Release|Any CPU.ActiveCfg = Release|Any CPU
		{B8877FBB-2AFC-4195-B2BD-C8302927B63E}.Release|Any CPU.Build.0 = Release|Any CPU
		{D374CF1F-27DC-4489-A948-FC2B428EAA79}.Debug|Any CPU.ActiveCfg = Debug|Any CPU
		{D374CF1F-27DC-4489-A948-FC2B428EAA79}.Debug|Any CPU.Build.0 = Debug|Any CPU
		{D374CF1F-27DC-4489-A948-FC2B428EAA79}.Release|Any CPU.ActiveCfg = Release|Any CPU
		{D374CF1F-27DC-4489-A948-FC2B428EAA79}.Release|Any CPU.Build.0 = Release|Any CPU
		{9457B267-1082-4846-9208-617A283CC52E}.Debug|Any CPU.ActiveCfg = Debug|Any CPU
		{9457B267-1082-4846-9208-617A283CC52E}.Debug|Any CPU.Build.0 = Debug|Any CPU
		{9457B267-1082-4846-9208-617A283CC52E}.Release|Any CPU.ActiveCfg = Release|Any CPU
		{9457B267-1082-4846-9208-617A283CC52E}.Release|Any CPU.Build.0 = Release|Any CPU
		{DC9C66D5-F16C-4C73-B3A2-219A8BAE65A2}.Debug|Any CPU.ActiveCfg = Debug|Any CPU
		{DC9C66D5-F16C-4C73-B3A2-219A8BAE65A2}.Debug|Any CPU.Build.0 = Debug|Any CPU
		{DC9C66D5-F16C-4C73-B3A2-219A8BAE65A2}.Release|Any CPU.ActiveCfg = Release|Any CPU
		{DC9C66D5-F16C-4C73-B3A2-219A8BAE65A2}.Release|Any CPU.Build.0 = Release|Any CPU
		{84549A5B-7068-4981-8582-EAC420D16171}.Debug|Any CPU.ActiveCfg = Debug|Any CPU
		{84549A5B-7068-4981-8582-EAC420D16171}.Debug|Any CPU.Build.0 = Debug|Any CPU
		{84549A5B-7068-4981-8582-EAC420D16171}.Release|Any CPU.ActiveCfg = Release|Any CPU
		{84549A5B-7068-4981-8582-EAC420D16171}.Release|Any CPU.Build.0 = Release|Any CPU
		{7956DE67-FBB4-4751-8988-91E2369DC55F}.Debug|Any CPU.ActiveCfg = Debug|Any CPU
		{7956DE67-FBB4-4751-8988-91E2369DC55F}.Debug|Any CPU.Build.0 = Debug|Any CPU
		{7956DE67-FBB4-4751-8988-91E2369DC55F}.Release|Any CPU.ActiveCfg = Release|Any CPU
		{7956DE67-FBB4-4751-8988-91E2369DC55F}.Release|Any CPU.Build.0 = Release|Any CPU
		{4DC665E5-ED78-4F17-800D-A810CAAE1F1E}.Debug|Any CPU.ActiveCfg = Debug|Any CPU
		{4DC665E5-ED78-4F17-800D-A810CAAE1F1E}.Debug|Any CPU.Build.0 = Debug|Any CPU
		{4DC665E5-ED78-4F17-800D-A810CAAE1F1E}.Release|Any CPU.ActiveCfg = Release|Any CPU
		{4DC665E5-ED78-4F17-800D-A810CAAE1F1E}.Release|Any CPU.Build.0 = Release|Any CPU
	EndGlobalSection
	GlobalSection(SolutionProperties) = preSolution
		HideSolutionNode = FALSE
	EndGlobalSection
	GlobalSection(NestedProjects) = preSolution
		{03ED5BF9-806B-404D-8207-43391EEAFC5E} = {CA9AC87F-097E-4F15-8393-4BC07735A5B0}
		{91A3695F-F0FA-4F43-8774-ABA9B9C4ABD8} = {03ED5BF9-806B-404D-8207-43391EEAFC5E}
		{BA964A76-26F3-4EE0-AD7F-BF66DDE81BEE} = {03ED5BF9-806B-404D-8207-43391EEAFC5E}
		{C956DD76-69C8-4A9C-83EA-D17DF83340FD} = {BA964A76-26F3-4EE0-AD7F-BF66DDE81BEE}
		{AA94D832-1CCC-4715-95A9-A483F23A1A5D} = {BA964A76-26F3-4EE0-AD7F-BF66DDE81BEE}
		{554AD327-6DBA-4F8F-96F8-81CE7A0C863F} = {91A3695F-F0FA-4F43-8774-ABA9B9C4ABD8}
		{42F719ED-8413-4895-B5B4-5AB56079BC66} = {91A3695F-F0FA-4F43-8774-ABA9B9C4ABD8}
		{792C708A-B034-4078-959C-078ACCDBB178} = {CA9AC87F-097E-4F15-8393-4BC07735A5B0}
		{1A94A50E-06DC-43C1-80B5-B662820EC3EB} = {792C708A-B034-4078-959C-078ACCDBB178}
		{520659C8-C734-4298-A3DA-B539DB9DFC0B} = {792C708A-B034-4078-959C-078ACCDBB178}
		{4164BDF7-F527-4E85-9CE6-E3C2D7426A27} = {792C708A-B034-4078-959C-078ACCDBB178}
		{3B5A0094-670D-4BB1-BFDD-61B88A8773DC} = {792C708A-B034-4078-959C-078ACCDBB178}
		{E6D5BF0E-DE92-4D82-A352-EF04B37CB11C} = {792C708A-B034-4078-959C-078ACCDBB178}
		{BCFEED6C-AF67-4BC8-A7BD-432954786C59} = {CA9AC87F-097E-4F15-8393-4BC07735A5B0}
		{BC2BDA3B-8631-4AD5-98AD-9F2380C573D7} = {CA9AC87F-097E-4F15-8393-4BC07735A5B0}
		{073C361E-B8F4-49F5-93CC-72A3FF49C026} = {BC2BDA3B-8631-4AD5-98AD-9F2380C573D7}
		{B8877FBB-2AFC-4195-B2BD-C8302927B63E} = {BCFEED6C-AF67-4BC8-A7BD-432954786C59}
		{D374CF1F-27DC-4489-A948-FC2B428EAA79} = {BCFEED6C-AF67-4BC8-A7BD-432954786C59}
		{9457B267-1082-4846-9208-617A283CC52E} = {BCFEED6C-AF67-4BC8-A7BD-432954786C59}
		{DC9C66D5-F16C-4C73-B3A2-219A8BAE65A2} = {BCFEED6C-AF67-4BC8-A7BD-432954786C59}
		{84549A5B-7068-4981-8582-EAC420D16171} = {BCFEED6C-AF67-4BC8-A7BD-432954786C59}
		{05CA46AE-7695-40C9-B016-12B1D2390A7F} = {04DBDB01-70F4-4E06-B468-8F87850B22BE}
		{50B2631D-129C-47B3-A587-029CCD6099BC} = {05CA46AE-7695-40C9-B016-12B1D2390A7F}
		{E512F4D9-9375-480F-A2F6-A46509F9D824} = {05CA46AE-7695-40C9-B016-12B1D2390A7F}
		{86CE17FC-D28B-4AE8-AA70-37B3B8CC939D} = {04DBDB01-70F4-4E06-B468-8F87850B22BE}
		{7956DE67-FBB4-4751-8988-91E2369DC55F} = {86CE17FC-D28B-4AE8-AA70-37B3B8CC939D}
		{4DC665E5-ED78-4F17-800D-A810CAAE1F1E} = {86CE17FC-D28B-4AE8-AA70-37B3B8CC939D}
		{3DC48E91-A916-4075-A91A-04F68291983F} = {04DBDB01-70F4-4E06-B468-8F87850B22BE}
		{91853F21-9CD9-4132-BC29-A7D5D84FFFE7} = {3DC48E91-A916-4075-A91A-04F68291983F}
		{1FE30EB9-74A9-47F5-A9F6-7B1FAB672D81} = {3DC48E91-A916-4075-A91A-04F68291983F}
		{EF480016-9127-4916-8735-D2466BDBC582} = {3DC48E91-A916-4075-A91A-04F68291983F}
	EndGlobalSection
	GlobalSection(ExtensibilityGlobals) = postSolution
		SolutionGuid = {28315BFD-90E7-4E14-A2EA-F3D23AF4126F}
	EndGlobalSection
EndGlobal
